
Microsoft Visual Studio Solution File, Format Version 12.00
# Visual Studio Version 17
VisualStudioVersion = 17.11.35222.181
MinimumVisualStudioVersion = 10.0.40219.1
Project("{2150E333-8FDC-42A3-9474-1A3956D46DE8}") = "Task0", "Task0", "{F1BDA4C4-BE3C-4ADE-9982-654AF0839E6B}"
EndProject
Project("{FAE04EC0-301F-11D3-BF4B-00C04F79EFBC}") = "Tyuiu.KorolevES.Sprint6.Task0.V7.Lib", "Tyuiu.KorolevES.Sprint6.Task0.V7.Lib\Tyuiu.KorolevES.Sprint6.Task0.V7.Lib.csproj", "{3BA9AC99-1DC1-4B47-B0C2-55095852FB4A}"
EndProject
Project("{FAE04EC0-301F-11D3-BF4B-00C04F79EFBC}") = "Tyuiu.KorolevES.Sprint6.Task0.V7.Test", "Tyuiu.KorolevES.Sprint6.Task0.V7.Test\Tyuiu.KorolevES.Sprint6.Task0.V7.Test.csproj", "{A86751B8-FC83-4DC4-99CF-EB9888DAF7B7}"
EndProject
Project("{FAE04EC0-301F-11D3-BF4B-00C04F79EFBC}") = "Tyuiu.KorolevES.Sprint6.Task0.V7", "Tyuiu.KorolevES.Sprint6.Task0.V7\Tyuiu.KorolevES.Sprint6.Task0.V7.csproj", "{C65A314A-241D-4BDE-881D-039970450816}"
EndProject
Global
	GlobalSection(SolutionConfigurationPlatforms) = preSolution
		Debug|Any CPU = Debug|Any CPU
		Release|Any CPU = Release|Any CPU
	EndGlobalSection
	GlobalSection(ProjectConfigurationPlatforms) = postSolution
		{3BA9AC99-1DC1-4B47-B0C2-55095852FB4A}.Debug|Any CPU.ActiveCfg = Debug|Any CPU
		{3BA9AC99-1DC1-4B47-B0C2-55095852FB4A}.Debug|Any CPU.Build.0 = Debug|Any CPU
		{3BA9AC99-1DC1-4B47-B0C2-55095852FB4A}.Release|Any CPU.ActiveCfg = Release|Any CPU
		{3BA9AC99-1DC1-4B47-B0C2-55095852FB4A}.Release|Any CPU.Build.0 = Release|Any CPU
		{A86751B8-FC83-4DC4-99CF-EB9888DAF7B7}.Debug|Any CPU.ActiveCfg = Debug|Any CPU
		{A86751B8-FC83-4DC4-99CF-EB9888DAF7B7}.Debug|Any CPU.Build.0 = Debug|Any CPU
		{A86751B8-FC83-4DC4-99CF-EB9888DAF7B7}.Release|Any CPU.ActiveCfg = Release|Any CPU
		{A86751B8-FC83-4DC4-99CF-EB9888DAF7B7}.Release|Any CPU.Build.0 = Release|Any CPU
		{C65A314A-241D-4BDE-881D-039970450816}.Debug|Any CPU.ActiveCfg = Debug|Any CPU
		{C65A314A-241D-4BDE-881D-039970450816}.Debug|Any CPU.Build.0 = Debug|Any CPU
		{C65A314A-241D-4BDE-881D-039970450816}.Release|Any CPU.ActiveCfg = Release|Any CPU
		{C65A314A-241D-4BDE-881D-039970450816}.Release|Any CPU.Build.0 = Release|Any CPU
	EndGlobalSection
	GlobalSection(SolutionProperties) = preSolution
		HideSolutionNode = FALSE
	EndGlobalSection
	GlobalSection(NestedProjects) = preSolution
		{3BA9AC99-1DC1-4B47-B0C2-55095852FB4A} = {F1BDA4C4-BE3C-4ADE-9982-654AF0839E6B}
		{A86751B8-FC83-4DC4-99CF-EB9888DAF7B7} = {F1BDA4C4-BE3C-4ADE-9982-654AF0839E6B}
		{C65A314A-241D-4BDE-881D-039970450816} = {F1BDA4C4-BE3C-4ADE-9982-654AF0839E6B}
	EndGlobalSection
	GlobalSection(ExtensibilityGlobals) = postSolution
		SolutionGuid = {B165F114-9D5F-4ABC-B55E-B33AC498F9B3}
	EndGlobalSection
EndGlobal
