
Microsoft Visual Studio Solution File, Format Version 12.00
# Visual Studio Version 17
VisualStudioVersion = 17.11.35222.181
MinimumVisualStudioVersion = 10.0.40219.1
Project("{2150E333-8FDC-42A3-9474-1A3956D46DE8}") = "Task0", "Task0", "{F1BDA4C4-BE3C-4ADE-9982-654AF0839E6B}"
EndProject
Project("{9A19103F-16F7-4668-BE54-9A1E7A4F7556}") = "Tyuiu.KorolevES.Sprint6.Task0.V7.Lib", "Tyuiu.KorolevES.Sprint6.Task0.V7.Lib\Tyuiu.KorolevES.Sprint6.Task0.V7.Lib.csproj", "{3BA9AC99-1DC1-4B47-B0C2-55095852FB4A}"
EndProject
Project("{9A19103F-16F7-4668-BE54-9A1E7A4F7556}") = "Tyuiu.KorolevES.Sprint6.Task0.V7.Test", "Tyuiu.KorolevES.Sprint6.Task0.V7.Test\Tyuiu.KorolevES.Sprint6.Task0.V7.Test.csproj", "{A86751B8-FC83-4DC4-99CF-EB9888DAF7B7}"
EndProject
Project("{9A19103F-16F7-4668-BE54-9A1E7A4F7556}") = "Tyuiu.KorolevES.Sprint6.Task0.V7", "Tyuiu.KorolevES.Sprint6.Task0.V7\Tyuiu.KorolevES.Sprint6.Task0.V7.csproj", "{C65A314A-241D-4BDE-881D-039970450816}"
EndProject
Project("{2150E333-8FDC-42A3-9474-1A3956D46DE8}") = "Task1", "Task1", "{F5ED4688-BFBC-48AA-B1B3-8D417DFE0646}"
EndProject
Project("{9A19103F-16F7-4668-BE54-9A1E7A4F7556}") = "Tyuiu.KorolevES.Sprint6.Task1.V2.Lib", "Tyuiu.KorolevES.Sprint6.Task1.V2.Lib\Tyuiu.KorolevES.Sprint6.Task1.V2.Lib.csproj", "{24EDF9DB-2F6A-4140-A046-604E9731183C}"
EndProject
Project("{9A19103F-16F7-4668-BE54-9A1E7A4F7556}") = "Tyuiu.KorolevES.Sprint6.Task1.V2.Test", "Tyuiu.KorolevES.Sprint6.Task1.V2.Test\Tyuiu.KorolevES.Sprint6.Task1.V2.Test.csproj", "{98381110-96FF-496C-9A43-54E5719D2B8A}"
EndProject
Project("{9A19103F-16F7-4668-BE54-9A1E7A4F7556}") = "Tyuiu.KorolevES.Sprint6.Task1.V2", "Tyuiu.KorolevES.Sprint6.Task1.V2\Tyuiu.KorolevES.Sprint6.Task1.V2.csproj", "{2D64DBE6-EC30-4CB0-B8B0-3B77456E8125}"
EndProject
Project("{2150E333-8FDC-42A3-9474-1A3956D46DE8}") = "Task2", "Task2", "{8BFBD8A0-ACB2-4073-A326-1F4206BFCEC6}"
EndProject
Project("{9A19103F-16F7-4668-BE54-9A1E7A4F7556}") = "Tyuiu.KorolevES.Sprint6.Task2.V19.Lib", "Tyuiu.KorolevES.Sprint6.Task2.V19.Lib\Tyuiu.KorolevES.Sprint6.Task2.V19.Lib.csproj", "{C269F68C-A0D1-4DFC-9273-798716505625}"
EndProject
Project("{9A19103F-16F7-4668-BE54-9A1E7A4F7556}") = "Tyuiu.KorolevES.Sprint6.Task2.V19.Test", "Tyuiu.KorolevES.Sprint6.Task2.V19.Test\Tyuiu.KorolevES.Sprint6.Task2.V19.Test.csproj", "{3ADCCB39-8D3D-42FE-8650-05CCC6427AB6}"
EndProject
Project("{9A19103F-16F7-4668-BE54-9A1E7A4F7556}") = "Tyuiu.KorolevES.Sprint6.Task2.V19", "Tyuiu.KorolevES.Sprint6.Task2.V19\Tyuiu.KorolevES.Sprint6.Task2.V19.csproj", "{C79DD5E1-781D-43CD-A426-CB21856E9E6E}"
EndProject
Project("{2150E333-8FDC-42A3-9474-1A3956D46DE8}") = "Task3", "Task3", "{BAD2A4B4-DAB0-4A76-A2F1-F0D14C7F8A36}"
EndProject
Project("{FAE04EC0-301F-11D3-BF4B-00C04F79EFBC}") = "Tyuiu.KorolevES.Sprint6.Task3.V29.Lib", "Tyuiu.KorolevES.Sprint6.Task3.V29.Lib\Tyuiu.KorolevES.Sprint6.Task3.V29.Lib.csproj", "{97640C3A-B3C7-45C0-8593-FAD8020DBB7A}"
EndProject
Project("{FAE04EC0-301F-11D3-BF4B-00C04F79EFBC}") = "Tyuiu.KorolevES.Sprint6.Task3.V29.Test", "Tyuiu.KorolevES.Sprint6.Task3.V29.Test\Tyuiu.KorolevES.Sprint6.Task3.V29.Test.csproj", "{0AA06F81-DF10-4072-AD08-EE7341B4509B}"
EndProject
Project("{FAE04EC0-301F-11D3-BF4B-00C04F79EFBC}") = "Tyuiu.KorolevES.Sprint6.Task3.V29", "Tyuiu.KorolevES.Sprint6.Task3.V29\Tyuiu.KorolevES.Sprint6.Task3.V29.csproj", "{66DF43F4-9E0F-45F0-A3B4-FC91F088D8AE}"
EndProject
Project("{2150E333-8FDC-42A3-9474-1A3956D46DE8}") = "Task4", "Task4", "{E7FF7566-0F26-4ECD-95C8-89FC0CDED030}"
EndProject
Project("{FAE04EC0-301F-11D3-BF4B-00C04F79EFBC}") = "Tyuiu.KorolevES.Sprint6.Task4.V3.Lib", "Tyuiu.KorolevES.Sprint6.Task4.V3.Lib\Tyuiu.KorolevES.Sprint6.Task4.V3.Lib.csproj", "{98A6F65A-1D42-451F-995F-8746786088CA}"
EndProject
Project("{FAE04EC0-301F-11D3-BF4B-00C04F79EFBC}") = "Tyuiu.KorolevES.Sprint6.Task4.V3.Test", "Tyuiu.KorolevES.Sprint6.Task4.V3.Test\Tyuiu.KorolevES.Sprint6.Task4.V3.Test.csproj", "{38396B5C-363C-440F-AF0A-55256C88F9BC}"
EndProject
Project("{FAE04EC0-301F-11D3-BF4B-00C04F79EFBC}") = "Tyuiu.KorolevES.Sprint6.Task4.V3", "Tyuiu.KorolevES.Sprint6.Task4.V3\Tyuiu.KorolevES.Sprint6.Task4.V3.csproj", "{D15BA2C7-24CF-4DE2-AD10-6595593E86B7}"
EndProject
Global
	GlobalSection(SolutionConfigurationPlatforms) = preSolution
		Debug|Any CPU = Debug|Any CPU
		Release|Any CPU = Release|Any CPU
	EndGlobalSection
	GlobalSection(ProjectConfigurationPlatforms) = postSolution
		{3BA9AC99-1DC1-4B47-B0C2-55095852FB4A}.Debug|Any CPU.ActiveCfg = Debug|Any CPU
		{3BA9AC99-1DC1-4B47-B0C2-55095852FB4A}.Debug|Any CPU.Build.0 = Debug|Any CPU
		{3BA9AC99-1DC1-4B47-B0C2-55095852FB4A}.Release|Any CPU.ActiveCfg = Release|Any CPU
		{3BA9AC99-1DC1-4B47-B0C2-55095852FB4A}.Release|Any CPU.Build.0 = Release|Any CPU
		{A86751B8-FC83-4DC4-99CF-EB9888DAF7B7}.Debug|Any CPU.ActiveCfg = Debug|Any CPU
		{A86751B8-FC83-4DC4-99CF-EB9888DAF7B7}.Debug|Any CPU.Build.0 = Debug|Any CPU
		{A86751B8-FC83-4DC4-99CF-EB9888DAF7B7}.Release|Any CPU.ActiveCfg = Release|Any CPU
		{A86751B8-FC83-4DC4-99CF-EB9888DAF7B7}.Release|Any CPU.Build.0 = Release|Any CPU
		{C65A314A-241D-4BDE-881D-039970450816}.Debug|Any CPU.ActiveCfg = Debug|Any CPU
		{C65A314A-241D-4BDE-881D-039970450816}.Debug|Any CPU.Build.0 = Debug|Any CPU
		{C65A314A-241D-4BDE-881D-039970450816}.Release|Any CPU.ActiveCfg = Release|Any CPU
		{C65A314A-241D-4BDE-881D-039970450816}.Release|Any CPU.Build.0 = Release|Any CPU
		{24EDF9DB-2F6A-4140-A046-604E9731183C}.Debug|Any CPU.ActiveCfg = Debug|Any CPU
		{24EDF9DB-2F6A-4140-A046-604E9731183C}.Debug|Any CPU.Build.0 = Debug|Any CPU
		{24EDF9DB-2F6A-4140-A046-604E9731183C}.Release|Any CPU.ActiveCfg = Release|Any CPU
		{24EDF9DB-2F6A-4140-A046-604E9731183C}.Release|Any CPU.Build.0 = Release|Any CPU
		{98381110-96FF-496C-9A43-54E5719D2B8A}.Debug|Any CPU.ActiveCfg = Debug|Any CPU
		{98381110-96FF-496C-9A43-54E5719D2B8A}.Debug|Any CPU.Build.0 = Debug|Any CPU
		{98381110-96FF-496C-9A43-54E5719D2B8A}.Release|Any CPU.ActiveCfg = Release|Any CPU
		{98381110-96FF-496C-9A43-54E5719D2B8A}.Release|Any CPU.Build.0 = Release|Any CPU
		{2D64DBE6-EC30-4CB0-B8B0-3B77456E8125}.Debug|Any CPU.ActiveCfg = Debug|Any CPU
		{2D64DBE6-EC30-4CB0-B8B0-3B77456E8125}.Debug|Any CPU.Build.0 = Debug|Any CPU
		{2D64DBE6-EC30-4CB0-B8B0-3B77456E8125}.Release|Any CPU.ActiveCfg = Release|Any CPU
		{2D64DBE6-EC30-4CB0-B8B0-3B77456E8125}.Release|Any CPU.Build.0 = Release|Any CPU
		{C269F68C-A0D1-4DFC-9273-798716505625}.Debug|Any CPU.ActiveCfg = Debug|Any CPU
		{C269F68C-A0D1-4DFC-9273-798716505625}.Debug|Any CPU.Build.0 = Debug|Any CPU
		{C269F68C-A0D1-4DFC-9273-798716505625}.Release|Any CPU.ActiveCfg = Release|Any CPU
		{C269F68C-A0D1-4DFC-9273-798716505625}.Release|Any CPU.Build.0 = Release|Any CPU
		{3ADCCB39-8D3D-42FE-8650-05CCC6427AB6}.Debug|Any CPU.ActiveCfg = Debug|Any CPU
		{3ADCCB39-8D3D-42FE-8650-05CCC6427AB6}.Debug|Any CPU.Build.0 = Debug|Any CPU
		{3ADCCB39-8D3D-42FE-8650-05CCC6427AB6}.Release|Any CPU.ActiveCfg = Release|Any CPU
		{3ADCCB39-8D3D-42FE-8650-05CCC6427AB6}.Release|Any CPU.Build.0 = Release|Any CPU
		{C79DD5E1-781D-43CD-A426-CB21856E9E6E}.Debug|Any CPU.ActiveCfg = Debug|Any CPU
		{C79DD5E1-781D-43CD-A426-CB21856E9E6E}.Debug|Any CPU.Build.0 = Debug|Any CPU
		{C79DD5E1-781D-43CD-A426-CB21856E9E6E}.Release|Any CPU.ActiveCfg = Release|Any CPU
		{C79DD5E1-781D-43CD-A426-CB21856E9E6E}.Release|Any CPU.Build.0 = Release|Any CPU
		{97640C3A-B3C7-45C0-8593-FAD8020DBB7A}.Debug|Any CPU.ActiveCfg = Debug|Any CPU
		{97640C3A-B3C7-45C0-8593-FAD8020DBB7A}.Debug|Any CPU.Build.0 = Debug|Any CPU
		{97640C3A-B3C7-45C0-8593-FAD8020DBB7A}.Release|Any CPU.ActiveCfg = Release|Any CPU
		{97640C3A-B3C7-45C0-8593-FAD8020DBB7A}.Release|Any CPU.Build.0 = Release|Any CPU
		{0AA06F81-DF10-4072-AD08-EE7341B4509B}.Debug|Any CPU.ActiveCfg = Debug|Any CPU
		{0AA06F81-DF10-4072-AD08-EE7341B4509B}.Debug|Any CPU.Build.0 = Debug|Any CPU
		{0AA06F81-DF10-4072-AD08-EE7341B4509B}.Release|Any CPU.ActiveCfg = Release|Any CPU
		{0AA06F81-DF10-4072-AD08-EE7341B4509B}.Release|Any CPU.Build.0 = Release|Any CPU
		{66DF43F4-9E0F-45F0-A3B4-FC91F088D8AE}.Debug|Any CPU.ActiveCfg = Debug|Any CPU
		{66DF43F4-9E0F-45F0-A3B4-FC91F088D8AE}.Debug|Any CPU.Build.0 = Debug|Any CPU
		{66DF43F4-9E0F-45F0-A3B4-FC91F088D8AE}.Release|Any CPU.ActiveCfg = Release|Any CPU
		{66DF43F4-9E0F-45F0-A3B4-FC91F088D8AE}.Release|Any CPU.Build.0 = Release|Any CPU
		{98A6F65A-1D42-451F-995F-8746786088CA}.Debug|Any CPU.ActiveCfg = Debug|Any CPU
		{98A6F65A-1D42-451F-995F-8746786088CA}.Debug|Any CPU.Build.0 = Debug|Any CPU
		{98A6F65A-1D42-451F-995F-8746786088CA}.Release|Any CPU.ActiveCfg = Release|Any CPU
		{98A6F65A-1D42-451F-995F-8746786088CA}.Release|Any CPU.Build.0 = Release|Any CPU
		{38396B5C-363C-440F-AF0A-55256C88F9BC}.Debug|Any CPU.ActiveCfg = Debug|Any CPU
		{38396B5C-363C-440F-AF0A-55256C88F9BC}.Debug|Any CPU.Build.0 = Debug|Any CPU
		{38396B5C-363C-440F-AF0A-55256C88F9BC}.Release|Any CPU.ActiveCfg = Release|Any CPU
		{38396B5C-363C-440F-AF0A-55256C88F9BC}.Release|Any CPU.Build.0 = Release|Any CPU
		{D15BA2C7-24CF-4DE2-AD10-6595593E86B7}.Debug|Any CPU.ActiveCfg = Debug|Any CPU
		{D15BA2C7-24CF-4DE2-AD10-6595593E86B7}.Debug|Any CPU.Build.0 = Debug|Any CPU
		{D15BA2C7-24CF-4DE2-AD10-6595593E86B7}.Release|Any CPU.ActiveCfg = Release|Any CPU
		{D15BA2C7-24CF-4DE2-AD10-6595593E86B7}.Release|Any CPU.Build.0 = Release|Any CPU
	EndGlobalSection
	GlobalSection(SolutionProperties) = preSolution
		HideSolutionNode = FALSE
	EndGlobalSection
	GlobalSection(NestedProjects) = preSolution
		{3BA9AC99-1DC1-4B47-B0C2-55095852FB4A} = {F1BDA4C4-BE3C-4ADE-9982-654AF0839E6B}
		{A86751B8-FC83-4DC4-99CF-EB9888DAF7B7} = {F1BDA4C4-BE3C-4ADE-9982-654AF0839E6B}
		{C65A314A-241D-4BDE-881D-039970450816} = {F1BDA4C4-BE3C-4ADE-9982-654AF0839E6B}
		{24EDF9DB-2F6A-4140-A046-604E9731183C} = {F5ED4688-BFBC-48AA-B1B3-8D417DFE0646}
		{98381110-96FF-496C-9A43-54E5719D2B8A} = {F5ED4688-BFBC-48AA-B1B3-8D417DFE0646}
		{2D64DBE6-EC30-4CB0-B8B0-3B77456E8125} = {F5ED4688-BFBC-48AA-B1B3-8D417DFE0646}
		{C269F68C-A0D1-4DFC-9273-798716505625} = {8BFBD8A0-ACB2-4073-A326-1F4206BFCEC6}
		{3ADCCB39-8D3D-42FE-8650-05CCC6427AB6} = {8BFBD8A0-ACB2-4073-A326-1F4206BFCEC6}
		{C79DD5E1-781D-43CD-A426-CB21856E9E6E} = {8BFBD8A0-ACB2-4073-A326-1F4206BFCEC6}
		{97640C3A-B3C7-45C0-8593-FAD8020DBB7A} = {BAD2A4B4-DAB0-4A76-A2F1-F0D14C7F8A36}
		{0AA06F81-DF10-4072-AD08-EE7341B4509B} = {BAD2A4B4-DAB0-4A76-A2F1-F0D14C7F8A36}
		{66DF43F4-9E0F-45F0-A3B4-FC91F088D8AE} = {BAD2A4B4-DAB0-4A76-A2F1-F0D14C7F8A36}
		{98A6F65A-1D42-451F-995F-8746786088CA} = {E7FF7566-0F26-4ECD-95C8-89FC0CDED030}
		{38396B5C-363C-440F-AF0A-55256C88F9BC} = {E7FF7566-0F26-4ECD-95C8-89FC0CDED030}
		{D15BA2C7-24CF-4DE2-AD10-6595593E86B7} = {E7FF7566-0F26-4ECD-95C8-89FC0CDED030}
	EndGlobalSection
	GlobalSection(ExtensibilityGlobals) = postSolution
		SolutionGuid = {B165F114-9D5F-4ABC-B55E-B33AC498F9B3}
	EndGlobalSection
EndGlobal
